# THIS IS AN AUTOGENERATED FILE. DO NOT EDIT THIS FILE DIRECTLY.
# yarn lockfile v1


chart.js@^2.7.3:
  version "2.7.3"
  resolved "https://registry.yarnpkg.com/chart.js/-/chart.js-2.7.3.tgz#cdb61618830bf216dc887e2f7b1b3c228b73c57e"
  integrity sha512-3+7k/DbR92m6BsMUYP6M0dMsMVZpMnwkUyNSAbqolHKsbIzH2Q4LWVEHHYq7v0fmEV8whXE0DrjANulw9j2K5g==
  dependencies:
    chartjs-color "^2.1.0"
    moment "^2.10.2"

chartjs-color-string@^0.6.0:
  version "0.6.0"
  resolved "https://registry.yarnpkg.com/chartjs-color-string/-/chartjs-color-string-0.6.0.tgz#1df096621c0e70720a64f4135ea171d051402f71"
  integrity sha512-TIB5OKn1hPJvO7JcteW4WY/63v6KwEdt6udfnDE9iCAZgy+V4SrbSxoIbTw/xkUIapjEI4ExGtD0+6D3KyFd7A==
  dependencies:
    color-name "^1.0.0"

chartjs-color@^2.1.0:
  version "2.3.0"
  resolved "https://registry.yarnpkg.com/chartjs-color/-/chartjs-color-2.3.0.tgz#0e7e1e8dba37eae8415fd3db38bf572007dd958f"
  integrity sha512-hEvVheqczsoHD+fZ+tfPUE+1+RbV6b+eksp2LwAhwRTVXEjCSEavvk+Hg3H6SZfGlPh/UfmWKGIvZbtobOEm3g==
  dependencies:
    chartjs-color-string "^0.6.0"
    color-convert "^0.5.3"

color-convert@^0.5.3:
  version "0.5.3"
  resolved "https://registry.yarnpkg.com/color-convert/-/color-convert-0.5.3.tgz#bdb6c69ce660fadffe0b0007cc447e1b9f7282bd"
  integrity sha1-vbbGnOZg+t/+CwAHzER+G59ygr0=

color-name@^1.0.0:
  version "1.1.4"
  resolved "https://registry.yarnpkg.com/color-name/-/color-name-1.1.4.tgz#c2a09a87acbde69543de6f63fa3995c826c536a2"
  integrity sha512-dOy+3AuW3a2wNbZHIuMZpTcgjGuLU/uBL/ubcZF9OXbDo8ff4O8yVp5Bf0efS8uEoYo5q4Fx7dY9OgQGXgAsQA==

instant.page@^1.2.1:
  version "1.2.1"
  resolved "https://registry.yarnpkg.com/instant.page/-/instant.page-1.2.1.tgz#f86a2c94d0a460e964ff093ccad13a8ac61d4489"
  integrity sha512-p+TkVa44Fku1JV3k/qrrhDAbNuoRdUnBpTLUHy9lJrXBmjDZCBq5z/ZrehPjdcJ5rVSIyrblcUMpidAAIPO2kw==

jquery-litebox@^1.0.2:
  version "1.0.2"
  resolved "https://registry.yarnpkg.com/jquery-litebox/-/jquery-litebox-1.0.2.tgz#122caec1e8ec1452f88d1d3eb3dd6f541f3f98c9"
  integrity sha1-EiyuwejsFFL4jR0+s91vVB8/mMk=
  dependencies:
    jquery ">=1.4.1"

jquery-syntax@^4.1.0:
  version "4.1.0"
  resolved "https://registry.yarnpkg.com/jquery-syntax/-/jquery-syntax-4.1.0.tgz#fdb72de995539da1f8936fd660e257b1e6bf9d04"
  integrity sha512-HpJRYaKi02RwNflxiJZSTi7nX747tvV32O/h3scXwKvIZM31TH+egqOst7i+3DgWtMQSZzaboZR0msTKmqVXDg==
  dependencies:
    jquery ">=1.4.1"

jquery-xframe@^1.2.0:
  version "1.2.0"
  resolved "https://registry.yarnpkg.com/jquery-xframe/-/jquery-xframe-1.2.0.tgz#5cd9f8aa6fa277596cc7e4d41b448490d62e8182"
  integrity sha512-3C0GnUAv+AVsVolor3MMdB3uCRPHwVdtjSjv6PU1e6shybM5S6m3uB0b+22rQMS+jBTMotLELH8T+AXHGyAc/w==
  dependencies:
    jquery ">=1.4.1"

jquery@>=1.4.1:
  version "3.4.1"
  resolved "https://registry.yarnpkg.com/jquery/-/jquery-3.4.1.tgz#714f1f8d9dde4bdfa55764ba37ef214630d80ef2"
  integrity sha512-36+AdBzCL+y6qjw5Tx7HgzeGCzC81MDDgaUP8ld2zhx58HdqXGoBd+tHdrBMiyjGQs0Hxs/MLZTu/eHNJJuWPw==

moment@^2.10.2:
  version "2.24.0"
  resolved "https://registry.yarnpkg.com/moment/-/moment-2.24.0.tgz#0d055d53f5052aa653c9f6eb68bb5d12bf5c2b5b"
  integrity sha512-bV7f+6l2QigeBBZSM/6yTNq4P2fNpSWj/0e7jQcy87A8e7o2nAfP/34/2ky5Vw4B9S446EtIhodAzkFCcR4dQg==
